
Microsoft Visual Studio Solution File, Format Version 12.00
# Visual Studio 15
VisualStudioVersion = 15.0.28307.421
MinimumVisualStudioVersion = 10.0.40219.1
Project("{FAE04EC0-301F-11D3-BF4B-00C04F79EFBC}") = "Producto.Android", "Producto\Producto.Android\Producto.Android.csproj", "{7C962C48-A427-4494-8397-0DEEB97675AD}"
EndProject
Project("{FAE04EC0-301F-11D3-BF4B-00C04F79EFBC}") = "Producto.iOS", "Producto\Producto.iOS\Producto.iOS.csproj", "{91E658C3-01FB-431D-A7F0-7AAA0B4BEC05}"
EndProject
Project("{FAE04EC0-301F-11D3-BF4B-00C04F79EFBC}") = "Producto", "Producto\Producto\Producto.csproj", "{E784765A-7D4B-4DAF-90C4-1ED0C757065B}"
EndProject
Global
	GlobalSection(SolutionConfigurationPlatforms) = preSolution
		Ad-Hoc|Any CPU = Ad-Hoc|Any CPU
		Ad-Hoc|iPhone = Ad-Hoc|iPhone
		Ad-Hoc|iPhoneSimulator = Ad-Hoc|iPhoneSimulator
		AppStore|Any CPU = AppStore|Any CPU
		AppStore|iPhone = AppStore|iPhone
		AppStore|iPhoneSimulator = AppStore|iPhoneSimulator
		Debug|Any CPU = Debug|Any CPU
		Debug|iPhone = Debug|iPhone
		Debug|iPhoneSimulator = Debug|iPhoneSimulator
		Release|Any CPU = Release|Any CPU
		Release|iPhone = Release|iPhone
		Release|iPhoneSimulator = Release|iPhoneSimulator
	EndGlobalSection
	GlobalSection(ProjectConfigurationPlatforms) = postSolution
		{7C962C48-A427-4494-8397-0DEEB97675AD}.Ad-Hoc|Any CPU.ActiveCfg = Release|Any CPU
		{7C962C48-A427-4494-8397-0DEEB97675AD}.Ad-Hoc|Any CPU.Build.0 = Release|Any CPU
		{7C962C48-A427-4494-8397-0DEEB97675AD}.Ad-Hoc|Any CPU.Deploy.0 = Release|Any CPU
		{7C962C48-A427-4494-8397-0DEEB97675AD}.Ad-Hoc|iPhone.ActiveCfg = Release|Any CPU
		{7C962C48-A427-4494-8397-0DEEB97675AD}.Ad-Hoc|iPhone.Build.0 = Release|Any CPU
		{7C962C48-A427-4494-8397-0DEEB97675AD}.Ad-Hoc|iPhone.Deploy.0 = Release|Any CPU
		{7C962C48-A427-4494-8397-0DEEB97675AD}.Ad-Hoc|iPhoneSimulator.ActiveCfg = Release|Any CPU
		{7C962C48-A427-4494-8397-0DEEB97675AD}.Ad-Hoc|iPhoneSimulator.Build.0 = Release|Any CPU
		{7C962C48-A427-4494-8397-0DEEB97675AD}.Ad-Hoc|iPhoneSimulator.Deploy.0 = Release|Any CPU
		{7C962C48-A427-4494-8397-0DEEB97675AD}.AppStore|Any CPU.ActiveCfg = Release|Any CPU
		{7C962C48-A427-4494-8397-0DEEB97675AD}.AppStore|Any CPU.Build.0 = Release|Any CPU
		{7C962C48-A427-4494-8397-0DEEB97675AD}.AppStore|Any CPU.Deploy.0 = Release|Any CPU
		{7C962C48-A427-4494-8397-0DEEB97675AD}.AppStore|iPhone.ActiveCfg = Release|Any CPU
		{7C962C48-A427-4494-8397-0DEEB97675AD}.AppStore|iPhone.Build.0 = Release|Any CPU
		{7C962C48-A427-4494-8397-0DEEB97675AD}.AppStore|iPhone.Deploy.0 = Release|Any CPU
		{7C962C48-A427-4494-8397-0DEEB97675AD}.AppStore|iPhoneSimulator.ActiveCfg = Release|Any CPU
		{7C962C48-A427-4494-8397-0DEEB97675AD}.AppStore|iPhoneSimulator.Build.0 = Release|Any CPU
		{7C962C48-A427-4494-8397-0DEEB97675AD}.AppStore|iPhoneSimulator.Deploy.0 = Release|Any CPU
		{7C962C48-A427-4494-8397-0DEEB97675AD}.Debug|Any CPU.ActiveCfg = Debug|Any CPU
		{7C962C48-A427-4494-8397-0DEEB97675AD}.Debug|Any CPU.Build.0 = Debug|Any CPU
		{7C962C48-A427-4494-8397-0DEEB97675AD}.Debug|Any CPU.Deploy.0 = Debug|Any CPU
		{7C962C48-A427-4494-8397-0DEEB97675AD}.Debug|iPhone.ActiveCfg = Debug|Any CPU
		{7C962C48-A427-4494-8397-0DEEB97675AD}.Debug|iPhone.Build.0 = Debug|Any CPU
		{7C962C48-A427-4494-8397-0DEEB97675AD}.Debug|iPhone.Deploy.0 = Debug|Any CPU
		{7C962C48-A427-4494-8397-0DEEB97675AD}.Debug|iPhoneSimulator.ActiveCfg = Debug|Any CPU
		{7C962C48-A427-4494-8397-0DEEB97675AD}.Debug|iPhoneSimulator.Build.0 = Debug|Any CPU
		{7C962C48-A427-4494-8397-0DEEB97675AD}.Debug|iPhoneSimulator.Deploy.0 = Debug|Any CPU
		{7C962C48-A427-4494-8397-0DEEB97675AD}.Release|Any CPU.ActiveCfg = Release|Any CPU
		{7C962C48-A427-4494-8397-0DEEB97675AD}.Release|Any CPU.Build.0 = Release|Any CPU
		{7C962C48-A427-4494-8397-0DEEB97675AD}.Release|Any CPU.Deploy.0 = Release|Any CPU
		{7C962C48-A427-4494-8397-0DEEB97675AD}.Release|iPhone.ActiveCfg = Release|Any CPU
		{7C962C48-A427-4494-8397-0DEEB97675AD}.Release|iPhone.Build.0 = Release|Any CPU
		{7C962C48-A427-4494-8397-0DEEB97675AD}.Release|iPhone.Deploy.0 = Release|Any CPU
		{7C962C48-A427-4494-8397-0DEEB97675AD}.Release|iPhoneSimulator.ActiveCfg = Release|Any CPU
		{7C962C48-A427-4494-8397-0DEEB97675AD}.Release|iPhoneSimulator.Build.0 = Release|Any CPU
		{7C962C48-A427-4494-8397-0DEEB97675AD}.Release|iPhoneSimulator.Deploy.0 = Release|Any CPU
		{91E658C3-01FB-431D-A7F0-7AAA0B4BEC05}.Ad-Hoc|Any CPU.ActiveCfg = Ad-Hoc|iPhone
		{91E658C3-01FB-431D-A7F0-7AAA0B4BEC05}.Ad-Hoc|Any CPU.Build.0 = Ad-Hoc|iPhone
		{91E658C3-01FB-431D-A7F0-7AAA0B4BEC05}.Ad-Hoc|Any CPU.Deploy.0 = Ad-Hoc|iPhone
		{91E658C3-01FB-431D-A7F0-7AAA0B4BEC05}.Ad-Hoc|iPhone.ActiveCfg = Ad-Hoc|iPhone
		{91E658C3-01FB-431D-A7F0-7AAA0B4BEC05}.Ad-Hoc|iPhone.Build.0 = Ad-Hoc|iPhone
		{91E658C3-01FB-431D-A7F0-7AAA0B4BEC05}.Ad-Hoc|iPhone.Deploy.0 = Ad-Hoc|iPhone
		{91E658C3-01FB-431D-A7F0-7AAA0B4BEC05}.Ad-Hoc|iPhoneSimulator.ActiveCfg = Ad-Hoc|iPhoneSimulator
		{91E658C3-01FB-431D-A7F0-7AAA0B4BEC05}.Ad-Hoc|iPhoneSimulator.Build.0 = Ad-Hoc|iPhoneSimulator
		{91E658C3-01FB-431D-A7F0-7AAA0B4BEC05}.Ad-Hoc|iPhoneSimulator.Deploy.0 = Ad-Hoc|iPhoneSimulator
		{91E658C3-01FB-431D-A7F0-7AAA0B4BEC05}.AppStore|Any CPU.ActiveCfg = AppStore|iPhone
		{91E658C3-01FB-431D-A7F0-7AAA0B4BEC05}.AppStore|Any CPU.Build.0 = AppStore|iPhone
		{91E658C3-01FB-431D-A7F0-7AAA0B4BEC05}.AppStore|Any CPU.Deploy.0 = AppStore|iPhone
		{91E658C3-01FB-431D-A7F0-7AAA0B4BEC05}.AppStore|iPhone.ActiveCfg = AppStore|iPhone
		{91E658C3-01FB-431D-A7F0-7AAA0B4BEC05}.AppStore|iPhone.Build.0 = AppStore|iPhone
		{91E658C3-01FB-431D-A7F0-7AAA0B4BEC05}.AppStore|iPhone.Deploy.0 = AppStore|iPhone
		{91E658C3-01FB-431D-A7F0-7AAA0B4BEC05}.AppStore|iPhoneSimulator.ActiveCfg = AppStore|iPhoneSimulator
		{91E658C3-01FB-431D-A7F0-7AAA0B4BEC05}.AppStore|iPhoneSimulator.Build.0 = AppStore|iPhoneSimulator
		{91E658C3-01FB-431D-A7F0-7AAA0B4BEC05}.AppStore|iPhoneSimulator.Deploy.0 = AppStore|iPhoneSimulator
		{91E658C3-01FB-431D-A7F0-7AAA0B4BEC05}.Debug|Any CPU.ActiveCfg = Debug|iPhoneSimulator
		{91E658C3-01FB-431D-A7F0-7AAA0B4BEC05}.Debug|Any CPU.Build.0 = Debug|iPhoneSimulator
		{91E658C3-01FB-431D-A7F0-7AAA0B4BEC05}.Debug|Any CPU.Deploy.0 = Debug|iPhoneSimulator
		{91E658C3-01FB-431D-A7F0-7AAA0B4BEC05}.Debug|iPhone.ActiveCfg = Debug|iPhone
		{91E658C3-01FB-431D-A7F0-7AAA0B4BEC05}.Debug|iPhone.Build.0 = Debug|iPhone
		{91E658C3-01FB-431D-A7F0-7AAA0B4BEC05}.Debug|iPhone.Deploy.0 = Debug|iPhone
		{91E658C3-01FB-431D-A7F0-7AAA0B4BEC05}.Debug|iPhoneSimulator.ActiveCfg = Debug|iPhoneSimulator
		{91E658C3-01FB-431D-A7F0-7AAA0B4BEC05}.Debug|iPhoneSimulator.Build.0 = Debug|iPhoneSimulator
		{91E658C3-01FB-431D-A7F0-7AAA0B4BEC05}.Debug|iPhoneSimulator.Deploy.0 = Debug|iPhoneSimulator
		{91E658C3-01FB-431D-A7F0-7AAA0B4BEC05}.Release|Any CPU.ActiveCfg = Release|iPhone
		{91E658C3-01FB-431D-A7F0-7AAA0B4BEC05}.Release|Any CPU.Build.0 = Release|iPhone
		{91E658C3-01FB-431D-A7F0-7AAA0B4BEC05}.Release|Any CPU.Deploy.0 = Release|iPhone
		{91E658C3-01FB-431D-A7F0-7AAA0B4BEC05}.Release|iPhone.ActiveCfg = Release|iPhone
		{91E658C3-01FB-431D-A7F0-7AAA0B4BEC05}.Release|iPhone.Build.0 = Release|iPhone
		{91E658C3-01FB-431D-A7F0-7AAA0B4BEC05}.Release|iPhone.Deploy.0 = Release|iPhone
		{91E658C3-01FB-431D-A7F0-7AAA0B4BEC05}.Release|iPhoneSimulator.ActiveCfg = Release|iPhoneSimulator
		{91E658C3-01FB-431D-A7F0-7AAA0B4BEC05}.Release|iPhoneSimulator.Build.0 = Release|iPhoneSimulator
		{91E658C3-01FB-431D-A7F0-7AAA0B4BEC05}.Release|iPhoneSimulator.Deploy.0 = Release|iPhoneSimulator
		{E784765A-7D4B-4DAF-90C4-1ED0C757065B}.Ad-Hoc|Any CPU.ActiveCfg = Debug|Any CPU
		{E784765A-7D4B-4DAF-90C4-1ED0C757065B}.Ad-Hoc|Any CPU.Build.0 = Debug|Any CPU
		{E784765A-7D4B-4DAF-90C4-1ED0C757065B}.Ad-Hoc|Any CPU.Deploy.0 = Debug|Any CPU
		{E784765A-7D4B-4DAF-90C4-1ED0C757065B}.Ad-Hoc|iPhone.ActiveCfg = Debug|Any CPU
		{E784765A-7D4B-4DAF-90C4-1ED0C757065B}.Ad-Hoc|iPhone.Build.0 = Debug|Any CPU
		{E784765A-7D4B-4DAF-90C4-1ED0C757065B}.Ad-Hoc|iPhone.Deploy.0 = Debug|Any CPU
		{E784765A-7D4B-4DAF-90C4-1ED0C757065B}.Ad-Hoc|iPhoneSimulator.ActiveCfg = Debug|Any CPU
		{E784765A-7D4B-4DAF-90C4-1ED0C757065B}.Ad-Hoc|iPhoneSimulator.Build.0 = Debug|Any CPU
		{E784765A-7D4B-4DAF-90C4-1ED0C757065B}.Ad-Hoc|iPhoneSimulator.Deploy.0 = Debug|Any CPU
		{E784765A-7D4B-4DAF-90C4-1ED0C757065B}.AppStore|Any CPU.ActiveCfg = Debug|Any CPU
		{E784765A-7D4B-4DAF-90C4-1ED0C757065B}.AppStore|Any CPU.Build.0 = Debug|Any CPU
		{E784765A-7D4B-4DAF-90C4-1ED0C757065B}.AppStore|Any CPU.Deploy.0 = Debug|Any CPU
		{E784765A-7D4B-4DAF-90C4-1ED0C757065B}.AppStore|iPhone.ActiveCfg = Debug|Any CPU
		{E784765A-7D4B-4DAF-90C4-1ED0C757065B}.AppStore|iPhone.Build.0 = Debug|Any CPU
		{E784765A-7D4B-4DAF-90C4-1ED0C757065B}.AppStore|iPhone.Deploy.0 = Debug|Any CPU
		{E784765A-7D4B-4DAF-90C4-1ED0C757065B}.AppStore|iPhoneSimulator.ActiveCfg = Debug|Any CPU
		{E784765A-7D4B-4DAF-90C4-1ED0C757065B}.AppStore|iPhoneSimulator.Build.0 = Debug|Any CPU
		{E784765A-7D4B-4DAF-90C4-1ED0C757065B}.AppStore|iPhoneSimulator.Deploy.0 = Debug|Any CPU
		{E784765A-7D4B-4DAF-90C4-1ED0C757065B}.Debug|Any CPU.ActiveCfg = Debug|Any CPU
		{E784765A-7D4B-4DAF-90C4-1ED0C757065B}.Debug|Any CPU.Build.0 = Debug|Any CPU
		{E784765A-7D4B-4DAF-90C4-1ED0C757065B}.Debug|Any CPU.Deploy.0 = Debug|Any CPU
		{E784765A-7D4B-4DAF-90C4-1ED0C757065B}.Debug|iPhone.ActiveCfg = Debug|Any CPU
		{E784765A-7D4B-4DAF-90C4-1ED0C757065B}.Debug|iPhone.Build.0 = Debug|Any CPU
		{E784765A-7D4B-4DAF-90C4-1ED0C757065B}.Debug|iPhone.Deploy.0 = Debug|Any CPU
		{E784765A-7D4B-4DAF-90C4-1ED0C757065B}.Debug|iPhoneSimulator.ActiveCfg = Debug|Any CPU
		{E784765A-7D4B-4DAF-90C4-1ED0C757065B}.Debug|iPhoneSimulator.Build.0 = Debug|Any CPU
		{E784765A-7D4B-4DAF-90C4-1ED0C757065B}.Debug|iPhoneSimulator.Deploy.0 = Debug|Any CPU
		{E784765A-7D4B-4DAF-90C4-1ED0C757065B}.Release|Any CPU.ActiveCfg = Release|Any CPU
		{E784765A-7D4B-4DAF-90C4-1ED0C757065B}.Release|Any CPU.Build.0 = Release|Any CPU
		{E784765A-7D4B-4DAF-90C4-1ED0C757065B}.Release|Any CPU.Deploy.0 = Release|Any CPU
		{E784765A-7D4B-4DAF-90C4-1ED0C757065B}.Release|iPhone.ActiveCfg = Release|Any CPU
		{E784765A-7D4B-4DAF-90C4-1ED0C757065B}.Release|iPhone.Build.0 = Release|Any CPU
		{E784765A-7D4B-4DAF-90C4-1ED0C757065B}.Release|iPhone.Deploy.0 = Release|Any CPU
		{E784765A-7D4B-4DAF-90C4-1ED0C757065B}.Release|iPhoneSimulator.ActiveCfg = Release|Any CPU
		{E784765A-7D4B-4DAF-90C4-1ED0C757065B}.Release|iPhoneSimulator.Build.0 = Release|Any CPU
		{E784765A-7D4B-4DAF-90C4-1ED0C757065B}.Release|iPhoneSimulator.Deploy.0 = Release|Any CPU
	EndGlobalSection
	GlobalSection(SolutionProperties) = preSolution
		HideSolutionNode = FALSE
	EndGlobalSection
	GlobalSection(ExtensibilityGlobals) = postSolution
		SolutionGuid = {05045958-FD87-43CB-ACD5-2BD987882962}
	EndGlobalSection
EndGlobal
